
Microsoft Visual Studio Solution File, Format Version 12.00
# Visual Studio Version 17
VisualStudioVersion = 17.5.33516.290
MinimumVisualStudioVersion = 10.0.40219.1
Project("{FAE04EC0-301F-11D3-BF4B-00C04F79EFBC}") = "2023_Secimleri", "2023_Secimleri\2023_Secimleri.csproj", "{7FC25929-CAD7-4A2E-BDFC-9B1D93D57B65}"
EndProject
Global
	GlobalSection(SolutionConfigurationPlatforms) = preSolution
		Debug|Any CPU = Debug|Any CPU
		Release|Any CPU = Release|Any CPU
	EndGlobalSection
	GlobalSection(ProjectConfigurationPlatforms) = postSolution
		{7FC25929-CAD7-4A2E-BDFC-9B1D93D57B65}.Debug|Any CPU.ActiveCfg = Debug|Any CPU
		{7FC25929-CAD7-4A2E-BDFC-9B1D93D57B65}.Debug|Any CPU.Build.0 = Debug|Any CPU
		{7FC25929-CAD7-4A2E-BDFC-9B1D93D57B65}.Release|Any CPU.ActiveCfg = Release|Any CPU
		{7FC25929-CAD7-4A2E-BDFC-9B1D93D57B65}.Release|Any CPU.Build.0 = Release|Any CPU
	EndGlobalSection
	GlobalSection(SolutionProperties) = preSolution
		HideSolutionNode = FALSE
	EndGlobalSection
	GlobalSection(ExtensibilityGlobals) = postSolution
		SolutionGuid = {CE4CAE0D-99DD-4A9E-9AC4-8E7AAF462DE3}
	EndGlobalSection
EndGlobal
